PODS:
  - Core (0.1.0)
  - module1 (0.1.0)

DEPENDENCIES:
  - Core (from `../Core`)
  - module1 (from `../module1`)

EXTERNAL SOURCES:
  Core:
    :path: ../Core
  module1:
    :path: ../module1

SPEC CHECKSUMS:
  Core: f45b4640c8b42857b80caeb9f21f64ade3c26d11
  module1: 07c85a2bb60c483893f6c870e9fd434305c76e7e

PODFILE CHECKSUM: f9fd20cfdad46e77cec68b95249161e046cff15d

COCOAPODS: 1.3.1
